
Microsoft Visual Studio Solution File, Format Version 12.00
# Visual Studio Version 16
VisualStudioVersion = 16.0.31112.23
MinimumVisualStudioVersion = 10.0.40219.1
Project("{8BC9CEB8-8B4A-11D0-8D11-00A0C91BC942}") = "ug_example_msvscpp", "ug_example_msvscpp\ug_example_msvscpp.vcxproj", "{67724120-2DBE-4224-B622-AA56ED4A6A6A}"
EndProject
Global
	GlobalSection(SolutionConfigurationPlatforms) = preSolution
		Debug|x64 = Debug|x64
		Debug|x86 = Debug|x86
		DebugDummy|x64 = DebugDummy|x64
		DebugDummy|x86 = DebugDummy|x86
		Release|x64 = Release|x64
		Release|x86 = Release|x86
		ReleaseDummy|x64 = ReleaseDummy|x64
		ReleaseDummy|x86 = ReleaseDummy|x86
	EndGlobalSection
	GlobalSection(ProjectConfigurationPlatforms) = postSolution
		{67724120-2DBE-4224-B622-AA56ED4A6A6A}.Debug|x64.ActiveCfg = Debug|x64
		{67724120-2DBE-4224-B622-AA56ED4A6A6A}.Debug|x64.Build.0 = Debug|x64
		{67724120-2DBE-4224-B622-AA56ED4A6A6A}.Debug|x86.ActiveCfg = Debug|Win32
		{67724120-2DBE-4224-B622-AA56ED4A6A6A}.Debug|x86.Build.0 = Debug|Win32
		{67724120-2DBE-4224-B622-AA56ED4A6A6A}.DebugDummy|x64.ActiveCfg = DebugDummy|x64
		{67724120-2DBE-4224-B622-AA56ED4A6A6A}.DebugDummy|x64.Build.0 = DebugDummy|x64
		{67724120-2DBE-4224-B622-AA56ED4A6A6A}.DebugDummy|x86.ActiveCfg = DebugDummy|Win32
		{67724120-2DBE-4224-B622-AA56ED4A6A6A}.DebugDummy|x86.Build.0 = DebugDummy|Win32
		{67724120-2DBE-4224-B622-AA56ED4A6A6A}.Release|x64.ActiveCfg = Release|x64
		{67724120-2DBE-4224-B622-AA56ED4A6A6A}.Release|x64.Build.0 = Release|x64
		{67724120-2DBE-4224-B622-AA56ED4A6A6A}.Release|x86.ActiveCfg = Release|Win32
		{67724120-2DBE-4224-B622-AA56ED4A6A6A}.Release|x86.Build.0 = Release|Win32
		{67724120-2DBE-4224-B622-AA56ED4A6A6A}.ReleaseDummy|x64.ActiveCfg = ReleaseDummy|x64
		{67724120-2DBE-4224-B622-AA56ED4A6A6A}.ReleaseDummy|x64.Build.0 = ReleaseDummy|x64
		{67724120-2DBE-4224-B622-AA56ED4A6A6A}.ReleaseDummy|x86.ActiveCfg = ReleaseDummy|Win32
		{67724120-2DBE-4224-B622-AA56ED4A6A6A}.ReleaseDummy|x86.Build.0 = ReleaseDummy|Win32
	EndGlobalSection
	GlobalSection(SolutionProperties) = preSolution
		HideSolutionNode = FALSE
	EndGlobalSection
	GlobalSection(ExtensibilityGlobals) = postSolution
		SolutionGuid = {15A745A8-4D43-465A-88A4-789B9D1C8843}
	EndGlobalSection
EndGlobal
